
Microsoft Visual Studio Solution File, Format Version 12.00
# Visual Studio Version 16
VisualStudioVersion = 16.0.30717.126
MinimumVisualStudioVersion = 15.0.26124.0
Project("{9A19103F-16F7-4668-BE54-9A1E7A4F7556}") = "ImageCropDataTypeGenerator.Core", "src\ImageCropDataTypeGenerator.Core\ImageCropDataTypeGenerator.Core.csproj", "{B09A3288-1E9D-4F46-B9B6-ECD8B6188084}"
EndProject
Global
	GlobalSection(SolutionConfigurationPlatforms) = preSolution
		Debug|Any CPU = Debug|Any CPU
		Release|Any CPU = Release|Any CPU
	EndGlobalSection
	GlobalSection(ProjectConfigurationPlatforms) = postSolution
		{B09A3288-1E9D-4F46-B9B6-ECD8B6188084}.Debug|Any CPU.ActiveCfg = Debug|Any CPU
		{B09A3288-1E9D-4F46-B9B6-ECD8B6188084}.Debug|Any CPU.Build.0 = Debug|Any CPU
		{B09A3288-1E9D-4F46-B9B6-ECD8B6188084}.Release|Any CPU.ActiveCfg = Release|Any CPU
		{B09A3288-1E9D-4F46-B9B6-ECD8B6188084}.Release|Any CPU.Build.0 = Release|Any CPU
	EndGlobalSection
	GlobalSection(SolutionProperties) = preSolution
		HideSolutionNode = FALSE
	EndGlobalSection
	GlobalSection(ExtensibilityGlobals) = postSolution
		SolutionGuid = {AE850318-C358-4B91-A841-77DF9AEA3A14}
	EndGlobalSection
EndGlobal
